
Microsoft Visual Studio Solution File, Format Version 12.00
# Visual Studio 15
VisualStudioVersion = 15.0.28307.1000
MinimumVisualStudioVersion = 10.0.40219.1
Project("{FAE04EC0-301F-11D3-BF4B-00C04F79EFBC}") = "Software", "Software\Software.csproj", "{4DDEF85D-A26A-4657-B400-BA35D7092DEA}"
EndProject
Project("{2150E333-8FDC-42A3-9474-1A3956D46DE8}") = "User Control", "User Control", "{152976E0-25B7-4BB7-A08C-810C2688D515}"
EndProject
Global
	GlobalSection(SolutionConfigurationPlatforms) = preSolution
		Debug|Any CPU = Debug|Any CPU
		Release|Any CPU = Release|Any CPU
	EndGlobalSection
	GlobalSection(ProjectConfigurationPlatforms) = postSolution
		{4DDEF85D-A26A-4657-B400-BA35D7092DEA}.Debug|Any CPU.ActiveCfg = Debug|Any CPU
		{4DDEF85D-A26A-4657-B400-BA35D7092DEA}.Debug|Any CPU.Build.0 = Debug|Any CPU
		{4DDEF85D-A26A-4657-B400-BA35D7092DEA}.Release|Any CPU.ActiveCfg = Release|Any CPU
		{4DDEF85D-A26A-4657-B400-BA35D7092DEA}.Release|Any CPU.Build.0 = Release|Any CPU
	EndGlobalSection
	GlobalSection(SolutionProperties) = preSolution
		HideSolutionNode = FALSE
	EndGlobalSection
	GlobalSection(ExtensibilityGlobals) = postSolution
		SolutionGuid = {267B5EF4-A115-458D-A50A-EDE8EF92D9FD}
	EndGlobalSection
EndGlobal
